// !$*UTF8*$!
{
	archiveVersion = 1;
	classes = {
	};
	objectVersion = 48;
	objects = {

/* Begin PBXBuildFile section */
		524F392A203514C100237938 /* main.c in Sources */ = {isa = PBXBuildFile; fileRef = 524F3929203514C100237938 /* main.c */; };
		524F39372035179900237938 /* glbmp.c in Sources */ = {isa = PBXBuildFile; fileRef = 524F39352035179900237938 /* glbmp.c */; };
		524F393A2035529D00237938 /* alpha.bmp in CopyFiles */ = {isa = PBXBuildFile; fileRef = 524F39392035529300237938 /* alpha.bmp */; };
		524F393B203552A200237938 /* test2.bmp in CopyFiles */ = {isa = PBXBuildFile; fileRef = 524F39382035528A00237938 /* test2.bmp */; };
/* End PBXBuildFile section */

/* Begin PBXCopyFilesBuildPhase section */
		524F3924203514C100237938 /* CopyFiles */ = {
			isa = PBXCopyFilesBuildPhase;
			buildActionMask = 12;
			dstPath = "";
			dstSubfolderSpec = 0;
			files = (
				524F393B203552A200237938 /* test2.bmp in CopyFiles */,
				524F393A2035529D00237938 /* alpha.bmp in CopyFiles */,
			);
			runOnlyForDeploymentPostprocessing = 0;
		};
/* End PBXCopyFilesBuildPhase section */

/* Begin PBXFileReference section */
		524F3926203514C100237938 /* bmp-for-opengl */ = {isa = PBXFileReference; explicitFileType = "compiled.mach-o.executable"; includeInIndex = 0; path = "bmp-for-opengl"; sourceTree = BUILT_PRODUCTS_DIR; };
		524F3929203514C100237938 /* main.c */ = {isa = PBXFileReference; lastKnownFileType = sourcecode.c.c; path = main.c; sourceTree = "<group>"; };
		524F39352035179900237938 /* glbmp.c */ = {isa = PBXFileReference; lastKnownFileType = sourcecode.c.c; path = glbmp.c; sourceTree = "<group>"; };
		524F39362035179900237938 /* glbmp.h */ = {isa = PBXFileReference; lastKnownFileType = sourcecode.c.h; path = glbmp.h; sourceTree = "<group>"; };
		524F39382035528A00237938 /* test2.bmp */ = {isa = PBXFileReference; lastKnownFileType = image.bmp; path = test2.bmp; sourceTree = "<group>"; };
		524F39392035529300237938 /* alpha.bmp */ = {isa = PBXFileReference; lastKnownFileType = image.bmp; path = alpha.bmp; sourceTree = "<group>"; };
/* End PBXFileReference section */

/* Begin PBXFrameworksBuildPhase section */
		524F3923203514C100237938 /* Frameworks */ = {
			isa = PBXFrameworksBuildPhase;
			buildActionMask = 2147483647;
			files = (
			);
			runOnlyForDeploymentPostprocessing = 0;
		};
/* End PBXFrameworksBuildPhase section */

/* Begin PBXGroup section */
		524F391D203514C100237938 = {
			isa = PBXGroup;
			children = (
				524F3928203514C100237938 /* bmp-for-opengl */,
				524F3927203514C100237938 /* Products */,
			);
			sourceTree = "<group>";
		};
		524F3927203514C100237938 /* Products */ = {
			isa = PBXGroup;
			children = (
				524F3926203514C100237938 /* bmp-for-opengl */,
			);
			name = Products;
			sourceTree = "<group>";
		};
		524F3928203514C100237938 /* bmp-for-opengl */ = {
			isa = PBXGroup;
			children = (
				524F393C203552FF00237938 /* test_images */,
				524F3929203514C100237938 /* main.c */,
				524F39352035179900237938 /* glbmp.c */,
				524F39362035179900237938 /* glbmp.h */,
			);
			path = "bmp-for-opengl";
			sourceTree = "<group>";
		};
		524F393C203552FF00237938 /* test_images */ = {
			isa = PBXGroup;
			children = (
				524F39382035528A00237938 /* test2.bmp */,
				524F39392035529300237938 /* alpha.bmp */,
			);
			path = test_images;
			sourceTree = "<group>";
		};
/* End PBXGroup section */

/* Begin PBXNativeTarget section */
		524F3925203514C100237938 /* bmp-for-opengl */ = {
			isa = PBXNativeTarget;
			buildConfigurationList = 524F392D203514C100237938 /* Build configuration list for PBXNativeTarget "bmp-for-opengl" */;
			buildPhases = (
				524F3922203514C100237938 /* Sources */,
				524F3923203514C100237938 /* Frameworks */,
				524F3924203514C100237938 /* CopyFiles */,
			);
			buildRules = (
			);
			dependencies = (
			);
			name = "bmp-for-opengl";
			productName = "bmp-for-opengl";
			productReference = 524F3926203514C100237938 /* bmp-for-opengl */;
			productType = "com.apple.product-type.tool";
		};
/* End PBXNativeTarget section */

/* Begin PBXProject section */
		524F391E203514C100237938 /* Project object */ = {
			isa = PBXProject;
			attributes = {
				LastUpgradeCheck = 0920;
				ORGANIZATIONNAME = "Adenike Adeyemi";
				TargetAttributes = {
					524F3925203514C100237938 = {
						CreatedOnToolsVersion = 9.2;
						ProvisioningStyle = Automatic;
					};
				};
			};
			buildConfigurationList = 524F3921203514C100237938 /* Build configuration list for PBXProject "bmp-for-opengl" */;
			compatibilityVersion = "Xcode 8.0";
			developmentRegion = en;
			hasScannedForEncodings = 0;
			knownRegions = (
				en,
			);
			mainGroup = 524F391D203514C100237938;
			productRefGroup = 524F3927203514C100237938 /* Products */;
			projectDirPath = "";
			projectRoot = "";
			targets = (
				524F3925203514C100237938 /* bmp-for-opengl */,
			);
		};
/* End PBXProject section */

/* Begin PBXSourcesBuildPhase section */
		524F3922203514C100237938 /* Sources */ = {
			isa = PBXSourcesBuildPhase;
			buildActionMask = 2147483647;
			files = (
				524F39372035179900237938 /* glbmp.c in Sources */,
				524F392A203514C100237938 /* main.c in Sources */,
			);
			runOnlyForDeploymentPostprocessing = 0;
		};
/* End PBXSourcesBuildPhase section */

/* Begin XCBuildConfiguration section */
		524F392B203514C100237938 /* Debug */ = {
			isa = XCBuildConfiguration;
			buildSettings = {
				ALWAYS_SEARCH_USER_PATHS = NO;
				CLANG_ANALYZER_NONNULL = YES;
				CLANG_ANALYZER_NUMBER_OBJECT_CONVERSION = YES_AGGRESSIVE;
				CLANG_CXX_LANGUAGE_STANDARD = "gnu++14";
				CLANG_CXX_LIBRARY = "libc++";
				CLANG_ENABLE_MODULES = YES;
				CLANG_ENABLE_OBJC_ARC = YES;
				CLANG_WARN_BLOCK_CAPTURE_AUTORELEASING = YES;
				CLANG_WARN_BOOL_CONVERSION = YES;
				CLANG_WARN_COMMA = YES;
				CLANG_WARN_CONSTANT_CONVERSION = YES;
				CLANG_WARN_DIRECT_OBJC_ISA_USAGE = YES_ERROR;
				CLANG_WARN_DOCUMENTATION_COMMENTS = YES;
				CLANG_WARN_EMPTY_BODY = YES;
				CLANG_WARN_ENUM_CONVERSION = YES;
				CLANG_WARN_INFINITE_RECURSION = YES;
				CLANG_WARN_INT_CONVERSION = YES;
				CLANG_WARN_NON_LITERAL_NULL_CONVERSION = YES;
				CLANG_WARN_OBJC_LITERAL_CONVERSION = YES;
				CLANG_WARN_OBJC_ROOT_CLASS = YES_ERROR;
				CLANG_WARN_RANGE_LOOP_ANALYSIS = YES;
				CLANG_WARN_STRICT_PROTOTYPES = YES;
				CLANG_WARN_SUSPICIOUS_MOVE = YES;
				CLANG_WARN_UNGUARDED_AVAILABILITY = YES_AGGRESSIVE;
				CLANG_WARN_UNREACHABLE_CODE = YES;
				CLANG_WARN__DUPLICATE_METHOD_MATCH = YES;
				CODE_SIGN_IDENTITY = "-";
				COPY_PHASE_STRIP = NO;
				DEBUG_INFORMATION_FORMAT = dwarf;
				ENABLE_STRICT_OBJC_MSGSEND = YES;
				ENABLE_TESTABILITY = YES;
				GCC_C_LANGUAGE_STANDARD = gnu11;
				GCC_DYNAMIC_NO_PIC = NO;
				GCC_NO_COMMON_BLOCKS = YES;
				GCC_OPTIMIZATION_LEVEL = 0;
				GCC_PREPROCESSOR_DEFINITIONS = (
					"DEBUG=1",
					"$(inherited)",
				);
				GCC_WARN_64_TO_32_BIT_CONVERSION = YES;
				GCC_WARN_ABOUT_RETURN_TYPE = YES_ERROR;
				GCC_WARN_UNDECLARED_SELECTOR = YES;
				GCC_WARN_UNINITIALIZED_AUTOS = YES_AGGRESSIVE;
				GCC_WARN_UNUSED_FUNCTION = YES;
				GCC_WARN_UNUSED_VARIABLE = YES;
				MACOSX_DEPLOYMENT_TARGET = 10.12;
				MTL_ENABLE_DEBUG_INFO = YES;
				ONLY_ACTIVE_ARCH = YES;
				SDKROOT = macosx;
			};
			name = Debug;
		};
		524F392C203514C100237938 /* Release */ = {
			isa = XCBuildConfiguration;
			buildSettings = {
				ALWAYS_SEARCH_USER_PATHS = NO;
				CLANG_ANALYZER_NONNULL = YES;
				CLANG_ANALYZER_NUMBER_OBJECT_CONVERSION = YES_AGGRESSIVE;
				CLANG_CXX_LANGUAGE_STANDARD = "gnu++14";
				CLANG_CXX_LIBRARY = "libc++";
				CLANG_ENABLE_MODULES = YES;
				CLANG_ENABLE_OBJC_ARC = YES;
				CLANG_WARN_BLOCK_CAPTURE_AUTORELEASING = YES;
				CLANG_WARN_BOOL_CONVERSION = YES;
				CLANG_WARN_COMMA = YES;
				CLANG_WARN_CONSTANT_CONVERSION = YES;
				CLANG_WARN_DIRECT_OBJC_ISA_USAGE = YES_ERROR;
				CLANG_WARN_DOCUMENTATION_COMMENTS = YES;
				CLANG_WARN_EMPTY_BODY = YES;
				CLANG_WARN_ENUM_CONVERSION = YES;
				CLANG_WARN_INFINITE_RECURSION = YES;
				CLANG_WARN_INT_CONVERSION = YES;
				CLANG_WARN_NON_LITERAL_NULL_CONVERSION = YES;
				CLANG_WARN_OBJC_LITERAL_CONVERSION = YES;
				CLANG_WARN_OBJC_ROOT_CLASS = YES_ERROR;
				CLANG_WARN_RANGE_LOOP_ANALYSIS = YES;
				CLANG_WARN_STRICT_PROTOTYPES = YES;
				CLANG_WARN_SUSPICIOUS_MOVE = YES;
				CLANG_WARN_UNGUARDED_AVAILABILITY = YES_AGGRESSIVE;
				CLANG_WARN_UNREACHABLE_CODE = YES;
				CLANG_WARN__DUPLICATE_METHOD_MATCH = YES;
				CODE_SIGN_IDENTITY = "-";
				COPY_PHASE_STRIP = NO;
				DEBUG_INFORMATION_FORMAT = "dwarf-with-dsym";
				ENABLE_NS_ASSERTIONS = NO;
				ENABLE_STRICT_OBJC_MSGSEND = YES;
				GCC_C_LANGUAGE_STANDARD = gnu11;
				GCC_NO_COMMON_BLOCKS = YES;
				GCC_WARN_64_TO_32_BIT_CONVERSION = YES;
				GCC_WARN_ABOUT_RETURN_TYPE = YES_ERROR;
				GCC_WARN_UNDECLARED_SELECTOR = YES;
				GCC_WARN_UNINITIALIZED_AUTOS = YES_AGGRESSIVE;
				GCC_WARN_UNUSED_FUNCTION = YES;
				GCC_WARN_UNUSED_VARIABLE = YES;
				MACOSX_DEPLOYMENT_TARGET = 10.12;
				MTL_ENABLE_DEBUG_INFO = NO;
				SDKROOT = macosx;
			};
			name = Release;
		};
		524F392E203514C100237938 /* Debug */ = {
			isa = XCBuildConfiguration;
			buildSettings = {
				CODE_SIGN_STYLE = Automatic;
				PRODUCT_NAME = "$(TARGET_NAME)";
			};
			name = Debug;
		};
		524F392F203514C100237938 /* Release */ = {
			isa = XCBuildConfiguration;
			buildSettings = {
				CODE_SIGN_STYLE = Automatic;
				PRODUCT_NAME = "$(TARGET_NAME)";
			};
			name = Release;
		};
/* End XCBuildConfiguration section */

/* Begin XCConfigurationList section */
		524F3921203514C100237938 /* Build configuration list for PBXProject "bmp-for-opengl" */ = {
			isa = XCConfigurationList;
			buildConfigurations = (
				524F392B203514C100237938 /* Debug */,
				524F392C203514C100237938 /* Release */,
			);
			defaultConfigurationIsVisible = 0;
			defaultConfigurationName = Release;
		};
		524F392D203514C100237938 /* Build configuration list for PBXNativeTarget "bmp-for-opengl" */ = {
			isa = XCConfigurationList;
			buildConfigurations = (
				524F392E203514C100237938 /* Debug */,
				524F392F203514C100237938 /* Release */,
			);
			defaultConfigurationIsVisible = 0;
			defaultConfigurationName = Release;
		};
/* End XCConfigurationList section */
	};
	rootObject = 524F391E203514C100237938 /* Project object */;
}
